
Microsoft Visual Studio Solution File, Format Version 12.00
# Visual Studio Version 17
VisualStudioVersion = 17.7.34221.43
MinimumVisualStudioVersion = 10.0.40219.1
Project("{9A19103F-16F7-4668-BE54-9A1E7A4F7556}") = "Todo.ProgramadorCamisa10.App", "Todo.ProgramadorCamisa10.App\Todo.ProgramadorCamisa10.App.csproj", "{F20ABDA7-214F-4E4C-9E2A-05B14E928AE5}"
EndProject
Project("{FAE04EC0-301F-11D3-BF4B-00C04F79EFBC}") = "Todo.ProgramadorCamisa10.Core", "Todo.ProgramadorCamisa10.Core\Todo.ProgramadorCamisa10.Core.csproj", "{872D030E-759C-40F3-83EF-D856F39A81E8}"
EndProject
Project("{FAE04EC0-301F-11D3-BF4B-00C04F79EFBC}") = "Todo.ProgramadorCamisa10.Data", "Todo.ProgramadorCamisa10.Data\Todo.ProgramadorCamisa10.Data.csproj", "{1EF58732-70D6-420B-9A47-F50F8325F708}"
EndProject
Global
	GlobalSection(SolutionConfigurationPlatforms) = preSolution
		Debug|Any CPU = Debug|Any CPU
		Release|Any CPU = Release|Any CPU
	EndGlobalSection
	GlobalSection(ProjectConfigurationPlatforms) = postSolution
		{F20ABDA7-214F-4E4C-9E2A-05B14E928AE5}.Debug|Any CPU.ActiveCfg = Debug|Any CPU
		{F20ABDA7-214F-4E4C-9E2A-05B14E928AE5}.Debug|Any CPU.Build.0 = Debug|Any CPU
		{F20ABDA7-214F-4E4C-9E2A-05B14E928AE5}.Debug|Any CPU.Deploy.0 = Debug|Any CPU
		{F20ABDA7-214F-4E4C-9E2A-05B14E928AE5}.Release|Any CPU.ActiveCfg = Release|Any CPU
		{F20ABDA7-214F-4E4C-9E2A-05B14E928AE5}.Release|Any CPU.Build.0 = Release|Any CPU
		{F20ABDA7-214F-4E4C-9E2A-05B14E928AE5}.Release|Any CPU.Deploy.0 = Release|Any CPU
		{872D030E-759C-40F3-83EF-D856F39A81E8}.Debug|Any CPU.ActiveCfg = Debug|Any CPU
		{872D030E-759C-40F3-83EF-D856F39A81E8}.Debug|Any CPU.Build.0 = Debug|Any CPU
		{872D030E-759C-40F3-83EF-D856F39A81E8}.Release|Any CPU.ActiveCfg = Release|Any CPU
		{872D030E-759C-40F3-83EF-D856F39A81E8}.Release|Any CPU.Build.0 = Release|Any CPU
		{1EF58732-70D6-420B-9A47-F50F8325F708}.Debug|Any CPU.ActiveCfg = Debug|Any CPU
		{1EF58732-70D6-420B-9A47-F50F8325F708}.Debug|Any CPU.Build.0 = Debug|Any CPU
		{1EF58732-70D6-420B-9A47-F50F8325F708}.Release|Any CPU.ActiveCfg = Release|Any CPU
		{1EF58732-70D6-420B-9A47-F50F8325F708}.Release|Any CPU.Build.0 = Release|Any CPU
	EndGlobalSection
	GlobalSection(SolutionProperties) = preSolution
		HideSolutionNode = FALSE
	EndGlobalSection
	GlobalSection(ExtensibilityGlobals) = postSolution
		SolutionGuid = {70A73905-BC6D-415B-B06F-FD38146A3FFA}
	EndGlobalSection
EndGlobal
